
Microsoft Visual Studio Solution File, Format Version 12.00
# Visual Studio Version 17
VisualStudioVersion = 17.3.32825.248
MinimumVisualStudioVersion = 10.0.40219.1
Project("{FAE04EC0-301F-11D3-BF4B-00C04F79EFBC}") = "BTreeLab.Tests", "BTreeLab.Tests\BTreeLab.Tests.csproj", "{1029F40E-0D5E-4F0D-84E4-00072D0DAF89}"
EndProject
Project("{FAE04EC0-301F-11D3-BF4B-00C04F79EFBC}") = "BTreeLab.Console", "BTreeLab.Console\BTreeLab.Console.csproj", "{652C241C-6351-452F-9CCC-E995C2AF5E76}"
EndProject
Project("{FAE04EC0-301F-11D3-BF4B-00C04F79EFBC}") = "BTreeLab", "BTreeLab\BTreeLab.csproj", "{4207CDB2-FC0E-4A26-A26F-BFE85FAAF314}"
EndProject
Global
	GlobalSection(SolutionConfigurationPlatforms) = preSolution
		Debug|Any CPU = Debug|Any CPU
		Release|Any CPU = Release|Any CPU
	EndGlobalSection
	GlobalSection(ProjectConfigurationPlatforms) = postSolution
		{1029F40E-0D5E-4F0D-84E4-00072D0DAF89}.Debug|Any CPU.ActiveCfg = Debug|Any CPU
		{1029F40E-0D5E-4F0D-84E4-00072D0DAF89}.Debug|Any CPU.Build.0 = Debug|Any CPU
		{1029F40E-0D5E-4F0D-84E4-00072D0DAF89}.Release|Any CPU.ActiveCfg = Release|Any CPU
		{1029F40E-0D5E-4F0D-84E4-00072D0DAF89}.Release|Any CPU.Build.0 = Release|Any CPU
		{652C241C-6351-452F-9CCC-E995C2AF5E76}.Debug|Any CPU.ActiveCfg = Debug|Any CPU
		{652C241C-6351-452F-9CCC-E995C2AF5E76}.Debug|Any CPU.Build.0 = Debug|Any CPU
		{652C241C-6351-452F-9CCC-E995C2AF5E76}.Release|Any CPU.ActiveCfg = Release|Any CPU
		{652C241C-6351-452F-9CCC-E995C2AF5E76}.Release|Any CPU.Build.0 = Release|Any CPU
		{4207CDB2-FC0E-4A26-A26F-BFE85FAAF314}.Debug|Any CPU.ActiveCfg = Debug|Any CPU
		{4207CDB2-FC0E-4A26-A26F-BFE85FAAF314}.Debug|Any CPU.Build.0 = Debug|Any CPU
		{4207CDB2-FC0E-4A26-A26F-BFE85FAAF314}.Release|Any CPU.ActiveCfg = Release|Any CPU
		{4207CDB2-FC0E-4A26-A26F-BFE85FAAF314}.Release|Any CPU.Build.0 = Release|Any CPU
	EndGlobalSection
	GlobalSection(SolutionProperties) = preSolution
		HideSolutionNode = FALSE
	EndGlobalSection
	GlobalSection(ExtensibilityGlobals) = postSolution
		SolutionGuid = {2B118470-0799-4A7F-B283-5FBB1C991E67}
	EndGlobalSection
EndGlobal
